
Microsoft Visual Studio Solution File, Format Version 12.00
# Visual Studio Version 17
VisualStudioVersion = 17.5.33627.172
MinimumVisualStudioVersion = 10.0.40219.1
Project("{FAE04EC0-301F-11D3-BF4B-00C04F79EFBC}") = "Task1", "Task1\Task1.csproj", "{97E5596F-AA54-4885-9F41-AE471AB31B4F}"
EndProject
Project("{FAE04EC0-301F-11D3-BF4B-00C04F79EFBC}") = "Task2", "Task2\Task2.csproj", "{70011AA9-D44E-43C7-8FDD-3E72B97D9E80}"
EndProject
Global
	GlobalSection(SolutionConfigurationPlatforms) = preSolution
		Debug|Any CPU = Debug|Any CPU
		Release|Any CPU = Release|Any CPU
	EndGlobalSection
	GlobalSection(ProjectConfigurationPlatforms) = postSolution
		{97E5596F-AA54-4885-9F41-AE471AB31B4F}.Debug|Any CPU.ActiveCfg = Debug|Any CPU
		{97E5596F-AA54-4885-9F41-AE471AB31B4F}.Debug|Any CPU.Build.0 = Debug|Any CPU
		{97E5596F-AA54-4885-9F41-AE471AB31B4F}.Release|Any CPU.ActiveCfg = Release|Any CPU
		{97E5596F-AA54-4885-9F41-AE471AB31B4F}.Release|Any CPU.Build.0 = Release|Any CPU
		{70011AA9-D44E-43C7-8FDD-3E72B97D9E80}.Debug|Any CPU.ActiveCfg = Debug|Any CPU
		{70011AA9-D44E-43C7-8FDD-3E72B97D9E80}.Debug|Any CPU.Build.0 = Debug|Any CPU
		{70011AA9-D44E-43C7-8FDD-3E72B97D9E80}.Release|Any CPU.ActiveCfg = Release|Any CPU
		{70011AA9-D44E-43C7-8FDD-3E72B97D9E80}.Release|Any CPU.Build.0 = Release|Any CPU
	EndGlobalSection
	GlobalSection(SolutionProperties) = preSolution
		HideSolutionNode = FALSE
	EndGlobalSection
	GlobalSection(ExtensibilityGlobals) = postSolution
		SolutionGuid = {F29C37E2-3FA0-4119-A992-B0974E45F1E3}
	EndGlobalSection
EndGlobal
