
Microsoft Visual Studio Solution File, Format Version 12.00
# Visual Studio Version 17
VisualStudioVersion = 17.5.33627.172
MinimumVisualStudioVersion = 10.0.40219.1
Project("{FAE04EC0-301F-11D3-BF4B-00C04F79EFBC}") = "Task", "Task\Task.csproj", "{13F99C95-DF38-4359-80FB-A937856EDDD4}"
EndProject
Global
	GlobalSection(SolutionConfigurationPlatforms) = preSolution
		Debug|Any CPU = Debug|Any CPU
		Release|Any CPU = Release|Any CPU
	EndGlobalSection
	GlobalSection(ProjectConfigurationPlatforms) = postSolution
		{13F99C95-DF38-4359-80FB-A937856EDDD4}.Debug|Any CPU.ActiveCfg = Debug|Any CPU
		{13F99C95-DF38-4359-80FB-A937856EDDD4}.Debug|Any CPU.Build.0 = Debug|Any CPU
		{13F99C95-DF38-4359-80FB-A937856EDDD4}.Release|Any CPU.ActiveCfg = Release|Any CPU
		{13F99C95-DF38-4359-80FB-A937856EDDD4}.Release|Any CPU.Build.0 = Release|Any CPU
	EndGlobalSection
	GlobalSection(SolutionProperties) = preSolution
		HideSolutionNode = FALSE
	EndGlobalSection
	GlobalSection(ExtensibilityGlobals) = postSolution
		SolutionGuid = {D2C9B82B-923D-4AFD-8061-47ABD1F663E2}
	EndGlobalSection
EndGlobal
