
Microsoft Visual Studio Solution File, Format Version 12.00
# Visual Studio Version 17
VisualStudioVersion = 17.6.33829.357
MinimumVisualStudioVersion = 10.0.40219.1
Project("{FAE04EC0-301F-11D3-BF4B-00C04F79EFBC}") = "Task1", "Task1\Task1.csproj", "{B0100C29-A585-4AFB-9036-09601E241F27}"
EndProject
Project("{FAE04EC0-301F-11D3-BF4B-00C04F79EFBC}") = "Task2", "Task2\Task2.csproj", "{B49EEBD8-62A0-47BB-92B7-70FF026B19E8}"
EndProject
Global
	GlobalSection(SolutionConfigurationPlatforms) = preSolution
		Debug|Any CPU = Debug|Any CPU
		Release|Any CPU = Release|Any CPU
	EndGlobalSection
	GlobalSection(ProjectConfigurationPlatforms) = postSolution
		{B0100C29-A585-4AFB-9036-09601E241F27}.Debug|Any CPU.ActiveCfg = Debug|Any CPU
		{B0100C29-A585-4AFB-9036-09601E241F27}.Debug|Any CPU.Build.0 = Debug|Any CPU
		{B0100C29-A585-4AFB-9036-09601E241F27}.Release|Any CPU.ActiveCfg = Release|Any CPU
		{B0100C29-A585-4AFB-9036-09601E241F27}.Release|Any CPU.Build.0 = Release|Any CPU
		{B49EEBD8-62A0-47BB-92B7-70FF026B19E8}.Debug|Any CPU.ActiveCfg = Debug|Any CPU
		{B49EEBD8-62A0-47BB-92B7-70FF026B19E8}.Debug|Any CPU.Build.0 = Debug|Any CPU
		{B49EEBD8-62A0-47BB-92B7-70FF026B19E8}.Release|Any CPU.ActiveCfg = Release|Any CPU
		{B49EEBD8-62A0-47BB-92B7-70FF026B19E8}.Release|Any CPU.Build.0 = Release|Any CPU
	EndGlobalSection
	GlobalSection(SolutionProperties) = preSolution
		HideSolutionNode = FALSE
	EndGlobalSection
	GlobalSection(ExtensibilityGlobals) = postSolution
		SolutionGuid = {77E6C77C-FB6B-4BAB-996C-64500E233CCB}
	EndGlobalSection
EndGlobal
