
Microsoft Visual Studio Solution File, Format Version 12.00
# Visual Studio Version 17
VisualStudioVersion = 17.5.33627.172
MinimumVisualStudioVersion = 10.0.40219.1
Project("{FAE04EC0-301F-11D3-BF4B-00C04F79EFBC}") = "Task1", "Task1\Task1.csproj", "{C406635B-C90E-42CC-A8D9-98656EB988A9}"
EndProject
Project("{FAE04EC0-301F-11D3-BF4B-00C04F79EFBC}") = "Task2", "Task2\Task2.csproj", "{87DD4925-6517-4DBD-A66F-79D80E3BADEF}"
EndProject
Project("{FAE04EC0-301F-11D3-BF4B-00C04F79EFBC}") = "Task3", "Task3\Task3.csproj", "{9D4E0CF1-1B2A-428A-A1E7-3B4E1902E1DC}"
EndProject
Project("{FAE04EC0-301F-11D3-BF4B-00C04F79EFBC}") = "Task4", "Task4\Task4.csproj", "{D20F24FF-8878-47A3-A610-4889C9B4501C}"
EndProject
Project("{FAE04EC0-301F-11D3-BF4B-00C04F79EFBC}") = "Task5", "Task5\Task5.csproj", "{BAACA907-E08C-4D8B-947B-F4E3181C1250}"
EndProject
Global
	GlobalSection(SolutionConfigurationPlatforms) = preSolution
		Debug|Any CPU = Debug|Any CPU
		Release|Any CPU = Release|Any CPU
	EndGlobalSection
	GlobalSection(ProjectConfigurationPlatforms) = postSolution
		{C406635B-C90E-42CC-A8D9-98656EB988A9}.Debug|Any CPU.ActiveCfg = Debug|Any CPU
		{C406635B-C90E-42CC-A8D9-98656EB988A9}.Debug|Any CPU.Build.0 = Debug|Any CPU
		{C406635B-C90E-42CC-A8D9-98656EB988A9}.Release|Any CPU.ActiveCfg = Release|Any CPU
		{C406635B-C90E-42CC-A8D9-98656EB988A9}.Release|Any CPU.Build.0 = Release|Any CPU
		{87DD4925-6517-4DBD-A66F-79D80E3BADEF}.Debug|Any CPU.ActiveCfg = Debug|Any CPU
		{87DD4925-6517-4DBD-A66F-79D80E3BADEF}.Debug|Any CPU.Build.0 = Debug|Any CPU
		{87DD4925-6517-4DBD-A66F-79D80E3BADEF}.Release|Any CPU.ActiveCfg = Release|Any CPU
		{87DD4925-6517-4DBD-A66F-79D80E3BADEF}.Release|Any CPU.Build.0 = Release|Any CPU
		{9D4E0CF1-1B2A-428A-A1E7-3B4E1902E1DC}.Debug|Any CPU.ActiveCfg = Debug|Any CPU
		{9D4E0CF1-1B2A-428A-A1E7-3B4E1902E1DC}.Debug|Any CPU.Build.0 = Debug|Any CPU
		{9D4E0CF1-1B2A-428A-A1E7-3B4E1902E1DC}.Release|Any CPU.ActiveCfg = Release|Any CPU
		{9D4E0CF1-1B2A-428A-A1E7-3B4E1902E1DC}.Release|Any CPU.Build.0 = Release|Any CPU
		{D20F24FF-8878-47A3-A610-4889C9B4501C}.Debug|Any CPU.ActiveCfg = Debug|Any CPU
		{D20F24FF-8878-47A3-A610-4889C9B4501C}.Debug|Any CPU.Build.0 = Debug|Any CPU
		{D20F24FF-8878-47A3-A610-4889C9B4501C}.Release|Any CPU.ActiveCfg = Release|Any CPU
		{D20F24FF-8878-47A3-A610-4889C9B4501C}.Release|Any CPU.Build.0 = Release|Any CPU
		{BAACA907-E08C-4D8B-947B-F4E3181C1250}.Debug|Any CPU.ActiveCfg = Debug|Any CPU
		{BAACA907-E08C-4D8B-947B-F4E3181C1250}.Debug|Any CPU.Build.0 = Debug|Any CPU
		{BAACA907-E08C-4D8B-947B-F4E3181C1250}.Release|Any CPU.ActiveCfg = Release|Any CPU
		{BAACA907-E08C-4D8B-947B-F4E3181C1250}.Release|Any CPU.Build.0 = Release|Any CPU
	EndGlobalSection
	GlobalSection(SolutionProperties) = preSolution
		HideSolutionNode = FALSE
	EndGlobalSection
	GlobalSection(ExtensibilityGlobals) = postSolution
		SolutionGuid = {684E8193-4A0B-4ACE-9AAF-48C10657685E}
	EndGlobalSection
EndGlobal
